
Microsoft Visual Studio Solution File, Format Version 12.00
Project("{FAE04EC0-301F-11D3-BF4B-00C04F79EFBC}") = "API1", "API1\API1.csproj", "{7D50D5BF-FA4D-4033-A552-F3E31C2E108A}"
EndProject
Project("{FAE04EC0-301F-11D3-BF4B-00C04F79EFBC}") = "API2", "API2\API2.csproj", "{F5F2E4BF-5CF0-468F-9966-E190CDBB039B}"
EndProject
Project("{FAE04EC0-301F-11D3-BF4B-00C04F79EFBC}") = "API3", "API3\API3.csproj", "{D1180E15-279A-4289-8C25-17FB423C783F}"
EndProject
Project("{FAE04EC0-301F-11D3-BF4B-00C04F79EFBC}") = "API_Gateway", "API_Gateway\API_Gateway.csproj", "{8C5479AA-F4F0-4AE6-8D52-84358E836026}"
EndProject
Global
	GlobalSection(SolutionConfigurationPlatforms) = preSolution
		Debug|Any CPU = Debug|Any CPU
		Release|Any CPU = Release|Any CPU
	EndGlobalSection
	GlobalSection(ProjectConfigurationPlatforms) = postSolution
		{7D50D5BF-FA4D-4033-A552-F3E31C2E108A}.Debug|Any CPU.ActiveCfg = Debug|Any CPU
		{7D50D5BF-FA4D-4033-A552-F3E31C2E108A}.Debug|Any CPU.Build.0 = Debug|Any CPU
		{7D50D5BF-FA4D-4033-A552-F3E31C2E108A}.Release|Any CPU.ActiveCfg = Release|Any CPU
		{7D50D5BF-FA4D-4033-A552-F3E31C2E108A}.Release|Any CPU.Build.0 = Release|Any CPU
		{F5F2E4BF-5CF0-468F-9966-E190CDBB039B}.Debug|Any CPU.ActiveCfg = Debug|Any CPU
		{F5F2E4BF-5CF0-468F-9966-E190CDBB039B}.Debug|Any CPU.Build.0 = Debug|Any CPU
		{F5F2E4BF-5CF0-468F-9966-E190CDBB039B}.Release|Any CPU.ActiveCfg = Release|Any CPU
		{F5F2E4BF-5CF0-468F-9966-E190CDBB039B}.Release|Any CPU.Build.0 = Release|Any CPU
		{D1180E15-279A-4289-8C25-17FB423C783F}.Debug|Any CPU.ActiveCfg = Debug|Any CPU
		{D1180E15-279A-4289-8C25-17FB423C783F}.Debug|Any CPU.Build.0 = Debug|Any CPU
		{D1180E15-279A-4289-8C25-17FB423C783F}.Release|Any CPU.ActiveCfg = Release|Any CPU
		{D1180E15-279A-4289-8C25-17FB423C783F}.Release|Any CPU.Build.0 = Release|Any CPU
		{8C5479AA-F4F0-4AE6-8D52-84358E836026}.Debug|Any CPU.ActiveCfg = Debug|Any CPU
		{8C5479AA-F4F0-4AE6-8D52-84358E836026}.Debug|Any CPU.Build.0 = Debug|Any CPU
		{8C5479AA-F4F0-4AE6-8D52-84358E836026}.Release|Any CPU.ActiveCfg = Release|Any CPU
		{8C5479AA-F4F0-4AE6-8D52-84358E836026}.Release|Any CPU.Build.0 = Release|Any CPU
	EndGlobalSection
EndGlobal
